
Microsoft Visual Studio Solution File, Format Version 12.00
# Visual Studio 15
VisualStudioVersion = 15.0.28307.2017
MinimumVisualStudioVersion = 10.0.40219.1
Project("{FAE04EC0-301F-11D3-BF4B-00C04F79EFBC}") = "File Organizer GUI", "File Organizer GUI\File Organizer GUI.csproj", "{77B4D34A-CCE3-4E16-AB86-7A8EC87A55C0}"
EndProject
Global
	GlobalSection(SolutionConfigurationPlatforms) = preSolution
		Debug|Any CPU = Debug|Any CPU
		Release|Any CPU = Release|Any CPU
	EndGlobalSection
	GlobalSection(ProjectConfigurationPlatforms) = postSolution
		{77B4D34A-CCE3-4E16-AB86-7A8EC87A55C0}.Debug|Any CPU.ActiveCfg = Debug|Any CPU
		{77B4D34A-CCE3-4E16-AB86-7A8EC87A55C0}.Debug|Any CPU.Build.0 = Debug|Any CPU
		{77B4D34A-CCE3-4E16-AB86-7A8EC87A55C0}.Release|Any CPU.ActiveCfg = Release|Any CPU
		{77B4D34A-CCE3-4E16-AB86-7A8EC87A55C0}.Release|Any CPU.Build.0 = Release|Any CPU
	EndGlobalSection
	GlobalSection(SolutionProperties) = preSolution
		HideSolutionNode = FALSE
	EndGlobalSection
	GlobalSection(ExtensibilityGlobals) = postSolution
		SolutionGuid = {79A93050-282F-420C-8629-0A44C580CDDC}
	EndGlobalSection
EndGlobal
